
Microsoft Visual Studio Solution File, Format Version 12.00
# Visual Studio Version 17
VisualStudioVersion = 17.9.34607.119
MinimumVisualStudioVersion = 10.0.40219.1
Project("{9A19103F-16F7-4668-BE54-9A1E7A4F7556}") = "AuthEngine", "AuthEngine\AuthEngine.csproj", "{B8C3B914-2EFA-42D7-94D3-239D05F13171}"
EndProject
Project("{E53339B2-1760-4266-BCC7-CA923CBCF16C}") = "docker-compose", "docker-compose.dcproj", "{7057ED23-C702-46F9-9FE3-0545851E7B02}"
EndProject
Global
	GlobalSection(SolutionConfigurationPlatforms) = preSolution
		Debug|Any CPU = Debug|Any CPU
		Release|Any CPU = Release|Any CPU
	EndGlobalSection
	GlobalSection(ProjectConfigurationPlatforms) = postSolution
		{B8C3B914-2EFA-42D7-94D3-239D05F13171}.Debug|Any CPU.ActiveCfg = Debug|Any CPU
		{B8C3B914-2EFA-42D7-94D3-239D05F13171}.Debug|Any CPU.Build.0 = Debug|Any CPU
		{B8C3B914-2EFA-42D7-94D3-239D05F13171}.Release|Any CPU.ActiveCfg = Release|Any CPU
		{B8C3B914-2EFA-42D7-94D3-239D05F13171}.Release|Any CPU.Build.0 = Release|Any CPU
		{7057ED23-C702-46F9-9FE3-0545851E7B02}.Debug|Any CPU.ActiveCfg = Debug|Any CPU
		{7057ED23-C702-46F9-9FE3-0545851E7B02}.Debug|Any CPU.Build.0 = Debug|Any CPU
		{7057ED23-C702-46F9-9FE3-0545851E7B02}.Release|Any CPU.ActiveCfg = Release|Any CPU
		{7057ED23-C702-46F9-9FE3-0545851E7B02}.Release|Any CPU.Build.0 = Release|Any CPU
	EndGlobalSection
	GlobalSection(SolutionProperties) = preSolution
		HideSolutionNode = FALSE
	EndGlobalSection
	GlobalSection(ExtensibilityGlobals) = postSolution
		SolutionGuid = {2104AFB2-5550-4872-B295-B722E5F53007}
	EndGlobalSection
EndGlobal
